version = 1
revision = 3
requires-python = ">=3.14"

[[package]]
name = "et-xmlfile"
version = "2.0.0"
source = { registry = "https://pypi.org/simple" }
sdist = { url = "https://files.pythonhosted.org/packages/d3/38/af70d7ab1ae9d4da450eeec1fa3918940a5fafb9055e934af8d6eb0c2313/et_xmlfile-2.0.0.tar.gz", hash = "sha256:dab3f4764309081ce75662649be815c4c9081e88f0837825f90fd28317d4da54", size = 17234, upload-time = "2024-10-25T17:25:40.039Z" }
wheels = [
    { url = "https://files.pythonhosted.org/packages/c1/8b/5fe2cc11fee489817272089c4203e679c63b570a5aaeb18d852ae3cbba6a/et_xmlfile-2.0.0-py3-none-any.whl", hash = "sha256:7a91720bc756843502c3b7504c77b8fe44217c85c537d85037f0f536151b2caa", size = 18059, upload-time = "2024-10-25T17:25:39.051Z" },
]

[[package]]
name = "fastexcel"
version = "0.21.0"
source = { registry = "https://pypi.org/simple" }
sdist = { url = "https://files.pythonhosted.org/packages/ab/16/d3b4465e1c32736ada7e1bc5a11334f3b38d747074aa01c60877d01dff81/fastexcel-0.21.0.tar.gz", hash = "sha256:07313c1267ab47ba639abf1122efd5985a1fb08efc996194f422ab17f06149c5", size = 61036, upload-time = "2026-08-19T13:00:20.184Z" }
wheels = [
    { url = "https://files.pythonhosted.org/packages/94/98/461c22faa286d7635343fcfbacbed4edf77d98f06fb4426e646ae5438d66/fastexcel-0.21.0-cp310-abi3-macosx_10_12_x86_64.whl", hash = "sha256:c3e7ab5d8c8b6c5a787aaf2b64604bd8b93b94694920a2ed731ea556a81d9a35", size = 3421831, upload-time = "2026-08-19T13:00:07.163Z" },
    { url = "https://files.pythonhosted.org/packages/69/ff/a6b1b97a94bbcc0d64b946e831ff937c2c803b019a7600fc69f953c38370/fastexcel-0.21.0-cp310-abi3-macosx_11_0_arm64.whl", hash = "sha256:768b663728cb5f29e159428fdf3a3f74e379534c2f0304b300bd95039d482abe", size = 3264928, upload-time = "2026-08-19T13:00:09.133Z" },
    { url = "https://files.pythonhosted.org/packages/a8/a1/27454838aca7921826dd02be3828a20fcaaa36e641762bf070642c8ad65e/fastexcel-0.21.0-cp310-abi3-manylinux_2_17_aarch64.manylinux2014_aarch64.whl", hash = "sha256:3c6e66906fe3b9f68f94c4c94e2ac21b6eebd862b703983c8e0c009f91c71754", size = 3719994, upload-time = "2026-08-19T12:59:50.076Z" },
    { url = "https://files.pythonhosted.org/packages/30/b8/2f5de2ec4026aa2e121a5da3d25b1d20f653bffdd569dfb74df6732ab99d/fastexcel-0.21.0-cp310-abi3-manylinux_2_17_x86_64.manylinux2014_x86_64.whl", hash = "sha256:9ddb458fecbbf1804c0952155fb99d18025d86e345b57a5435e0553944f25578", size = 3789119, upload-time = "2026-08-19T12:59:52.278Z" },
    { url = "https://files.pythonhosted.org/packages/5d/b2/1e08ffca9481fa2103409a9bef52a91f0963867b4ea649a3d9e8f5c45554/fastexcel-0.21.0-cp310-abi3-musllinux_1_2_aarch64.whl", hash = "sha256:0376944edf90c98008b49b200f7354122ba9abac6c21bab76487655738b041b7", size = 3895258, upload-time = "2026-08-19T12:59:54.374Z" },
    { url = "https://files.pythonhosted.org/packages/6d/68/4f0d0b5d41c9fe22d45ec2b8412566cb79fbd4f412b6f33a7f60a302c1e8/fastexcel-0.21.0-cp310-abi3-musllinux_1_2_x86_64.whl", hash = "sha256:e919a4eaa15330341744cfee33d1f87d041d08228ce68809790e3738e80811e8", size = 4047752, upload-time = "2026-08-19T12:59:56.424Z" },
    { url = "https://files.pythonhosted.org/packages/8a/88/6879abe39db93b2c1939fe146d1335d95c30e961c2807f5bc516d4e305e1/fastexcel-0.21.0-cp310-abi3-win_amd64.whl", hash = "sha256:e1db4666a0790b48c76bb5a43cda06ffecebb22706f9ac6b3f07bcb0e7336134", size = 3318648, upload-time = "2026-08-19T13:00:14.784Z" },
    { url = "https://files.pythonhosted.org/packages/f3/03/5c8c97b47289bead5a3ba0b6cba01d27377b857446c65918c43e1b008d94/fastexcel-0.21.0-cp310-abi3-win_arm64.whl", hash = "sha256:86af0a1e3c3d8657916ea434f11636df4e4b49e0cf665b4ea39349a83d4ca3c8", size = 3035704, upload-time = "2026-08-19T13:00:16.64Z" },
    { url = "https://files.pythonhosted.org/packages/74/9d/ef3dd2022d943620653f65fd160f81be27c576a54b9ecd26cd1731da365b/fastexcel-0.21.0-cp314-cp314t-macosx_10_12_x86_64.whl", hash = "sha256:f6cf28f5f3fed1f34aa15bf021d2c04bf947720df70f54b131258c913bc3b4cf", size = 3419154, upload-time = "2026-08-19T13:00:11.145Z" },
    { url = "https://files.pythonhosted.org/packages/e4/82/763ecd88db11d6f98b78aa1b951c2a259d84d6d285af2f6dd525948062f4/fastexcel-0.21.0-cp314-cp314t-macosx_11_0_arm64.whl", hash = "sha256:ef2a6953e8350966d32632e3bc064edaab64ea2899f2027e564269fa7d75fb58", size = 3251184, upload-time = "2026-08-19T13:00:12.965Z" },
    { url = "https://files.pythonhosted.org/packages/7c/0d/fce85550c9138e5e2517b33d9ec000222710b3bdc6563a6c91fddff3eb52/fastexcel-0.21.0-cp314-cp314t-manylinux_2_17_aarch64.manylinux2014_aarch64.whl", hash = "sha256:6f8fdbfd80647714a2b3d49de2517d0466f6c046aa215c16fb569c48aef8d0ee", size = 3711549, upload-time = "2026-08-19T12:59:58.613Z" },
    { url = "https://files.pythonhosted.org/packages/ac/47/b768f8165e16f15345b5eec06507b33e88cc8934d5e9d0e602d26bfdba8a/fastexcel-0.21.0-cp314-cp314t-manylinux_2_17_x86_64.manylinux2014_x86_64.whl", hash = "sha256:47c6f42b3b82a158e4e6c4e1ed53ba0b96cec132d1fed828c8411e6f6ba5caab", size = 3778980, upload-time = "2026-08-19T13:00:00.807Z" },
    { url = "https://files.pythonhosted.org/packages/d1/e8/3d9626a0b1e50704bfc19df2f69e2b3e7870f43e6cd8509565b5aa32e5b6/fastexcel-0.21.0-cp314-cp314t-musllinux_1_2_aarch64.whl", hash = "sha256:bce27f751cf1661f823088e89c11375448d19e425e3c3aa993c356720305c873", size = 3888071, upload-time = "2026-08-19T13:00:03.134Z" },
    { url = "https://files.pythonhosted.org/packages/a7/ff/23f43ec08ac44a02798508593f2af5c84bbad58db17da3237428577f5b1b/fastexcel-0.21.0-cp314-cp314t-musllinux_1_2_x86_64.whl", hash = "sha256:1a5742e598516734740ef4142cf3328d6ef6c8e43947d9a66d6a91a5d9bfa3ec", size = 4041849, upload-time = "2026-08-19T13:00:05.103Z" },
    { url = "https://files.pythonhosted.org/packages/13/90/4b2614123e185f20e386695771898c97a469f39129472db731a2c3d248ad/fastexcel-0.21.0-cp314-cp314t-win_amd64.whl", hash = "sha256:fe52f6053aac6ff3b8cc879052b671af9cb3ada16853b1c8b4bcac44574e4c10", size = 3311557, upload-time = "2026-08-19T13:00:18.614Z" },
]

[[package]]
name = "medlemsrapportering"
version = "0.1.0"
source = { virtual = "." }
dependencies = [
    { name = "fastexcel" },
    { name = "polars" },
    { name = "utilities" },
    { name = "xlsxwriter" },
]

[package.metadata]
requires-dist = [
    { name = "fastexcel" },
    { name = "polars" },
    { name = "utilities", git = "https://github.com/samfunnet/utilities" },
    { name = "xlsxwriter" },
]

[[package]]
name = "openpyxl"
version = "3.1.5"
source = { registry = "https://pypi.org/simple" }
dependencies = [
    { name = "et-xmlfile" },
]
sdist = { url = "https://files.pythonhosted.org/packages/3d/f9/88d94a75de065ea32619465d2f77b29a0469500e99012523b91cc4141cd1/openpyxl-3.1.5.tar.gz", hash = "sha256:cf0e3cf56142039133628b5acffe8ef0c12bc902d2aadd3e0fe5878dc08d1050", size = 186464, upload-time = "2024-06-28T14:03:44.161Z" }
wheels = [
    { url = "https://files.pythonhosted.org/packages/c0/da/977ded879c29cbd04de313843e76868e6e13408a94ed6b987245dc7c8506/openpyxl-3.1.5-py2.py3-none-any.whl", hash = "sha256:5282c12b107bffeef825f4617dc029afaf41d0ea60823bbb665ef3079dc79de2", size = 250910, upload-time = "2024-06-28T14:03:41.161Z" },
]

[[package]]
name = "polars"
version = "1.44.2"
source = { registry = "https://pypi.org/simple" }
dependencies = [
    { name = "polars-runtime-32" },
]
sdist = { url = "https://files.pythonhosted.org/packages/a4/15/e8541eefc22fbc7ca89bcb5112298a153729f73cfbc0cf6a668e509f975c/polars-1.44.2.tar.gz", hash = "sha256:86c8e26b6c2de8c8d344bb910b74dfc47b118ac3fe0f19b44909467990a0b281", size = 766272, upload-time = "2026-09-09T07:42:08.859Z" }
wheels = [
    { url = "https://files.pythonhosted.org/packages/51/6d/3014112c7f717d1253223faa13b6db3ac3a64ed00ab2a3bc1b942bc9cdd4/polars-1.44.2-py3-none-any.whl", hash = "sha256:1bb331f17a40d9d931101533dcd33637b66edc61eb377b07020dac16a0f0377b", size = 865768, upload-time = "2026-09-09T07:40:12.053Z" },
]

[[package]]
name = "polars-runtime-32"
version = "1.44.2"
source = { registry = "https://pypi.org/simple" }
sdist = { url = "https://files.pythonhosted.org/packages/d4/a1/a7eace6587b56f22cf2a21ab4d5e695db372dc23fd96accb68b1ec12660b/polars_runtime_32-1.44.2.tar.gz", hash = "sha256:b84842f7d621aaca7a52e165e19a24f89db45f8aa13744941430218419a14a67", size = 3172205, upload-time = "2026-09-09T07:42:10.851Z" }
wheels = [
    { url = "https://files.pythonhosted.org/packages/99/5b/a5215f82c3dd443dc5d6911b0d3e937f97056e0ef7753f7e123422481a18/polars_runtime_32-1.44.2-cp310-abi3-macosx_10_12_x86_64.whl", hash = "sha256:1fd536720668ba203a16a20b08cd6b23057e407a0279cf36b2f35f879d6e3208", size = 48334014, upload-time = "2026-09-09T07:40:16.43Z" },
    { url = "https://files.pythonhosted.org/packages/c2/e0/f3dc93fce4b4e99370db6a89001a1b8d3c606e3560d0d91dda809d6c6324/polars_runtime_32-1.44.2-cp310-abi3-macosx_11_0_arm64.whl", hash = "sha256:e0fd43720c8222ae39919c8ff891636d53b352706087120e62f83544dd3ff782", size = 43331099, upload-time = "2026-09-09T07:40:21.029Z" },
    { url = "https://files.pythonhosted.org/packages/4e/4f/076626ce93ddd622203c4b27be2a96d034cf5b24110c52e96e6029f0ea33/polars_runtime_32-1.44.2-cp310-abi3-manylinux_2_17_aarch64.manylinux2014_aarch64.whl", hash = "sha256:bbf9b45040291dc1c6c588c837019c33557bde25ec536562a9cca9e1f6dfcc45", size = 46590853, upload-time = "2026-09-09T07:40:24.934Z" },
    { url = "https://files.pythonhosted.org/packages/e9/24/ed9982657c446dd5491b089370eea196725673570cfc61f7225a9fdd7ef0/polars_runtime_32-1.44.2-cp310-abi3-manylinux_2_17_x86_64.manylinux2014_x86_64.whl", hash = "sha256:a1bafb441e99199a62c63bf1bbdc0ea09ee9776dbac2bf31452b5000fb1df2f7", size = 49912258, upload-time = "2026-09-09T07:40:29.238Z" },
    { url = "https://files.pythonhosted.org/packages/71/42/5490ab360aa2406119825ad82203a5e2ff27a3a5893ca8e0b93c053a59a3/polars_runtime_32-1.44.2-cp310-abi3-musllinux_1_2_aarch64.whl", hash = "sha256:10c0c695a418407617b5159db7d9a21074a733e4c6d61275b6762f25cb31ca99", size = 46737310, upload-time = "2026-09-09T07:40:33.143Z" },
    { url = "https://files.pythonhosted.org/packages/06/8f/d741afb1dcd1848161189e017d27972e7e78556d8dce66b94d4235093706/polars_runtime_32-1.44.2-cp310-abi3-musllinux_1_2_x86_64.whl", hash = "sha256:c4a09fb14aad711526346efc0cb2015c2fd0555ce4118b6524e5debbaea65ff5", size = 49887654, upload-time = "2026-09-09T07:40:37.455Z" },
    { url = "https://files.pythonhosted.org/packages/ba/e7/c61c1c7eea37705920fe7c1302d1dd80d1165db2b928f0da3eae6d1ebb75/polars_runtime_32-1.44.2-cp310-abi3-win_amd64.whl", hash = "sha256:8598e7a20efba70bb74978c7df7af7c606ff4d79b9b48fdd808250b189bc9a13", size = 51297967, upload-time = "2026-09-09T07:40:41.993Z" },
    { url = "https://files.pythonhosted.org/packages/e7/a0/d0dd0d2ec95fa328dd47055905fae53ba3cd79f11c8973326ebe75a49e4c/polars_runtime_32-1.44.2-cp310-abi3-win_arm64.whl", hash = "sha256:d51040d3ab40157f6db3c62be59cab5b80fb3c8d158924769c4982a1c8eef730", size = 44303345, upload-time = "2026-09-09T07:40:47.081Z" },
]

[[package]]
name = "segno"
version = "1.6.6"
source = { registry = "https://pypi.org/simple" }
sdist = { url = "https://files.pythonhosted.org/packages/1c/2e/b396f750c53f570055bf5a9fc1ace09bed2dff013c73b7afec5702a581ba/segno-1.6.6.tar.gz", hash = "sha256:e60933afc4b52137d323a4434c8340e0ce1e58cec71439e46680d4db188f11b3", size = 1628586, upload-time = "2025-03-12T22:12:53.324Z" }
wheels = [
    { url = "https://files.pythonhosted.org/packages/d6/02/12c73fd423eb9577b97fc1924966b929eff7074ae6b2e15dd3d30cb9e4ae/segno-1.6.6-py3-none-any.whl", hash = "sha256:28c7d081ed0cf935e0411293a465efd4d500704072cdb039778a2ab8736190c7", size = 76503, upload-time = "2025-03-12T22:12:48.106Z" },
]

[[package]]
name = "utilities"
version = "0.1.0"
source = { git = "https://github.com/samfunnet/utilities#4d8cdcb3c202d02fd47d087071963ff99debfdc4" }
dependencies = [
    { name = "openpyxl" },
    { name = "polars" },
    { name = "segno" },
]

[[package]]
name = "xlsxwriter"
version = "3.2.9"
source = { registry = "https://pypi.org/simple" }
sdist = { url = "https://files.pythonhosted.org/packages/46/2c/c06ef49dc36e7954e55b802a8b231770d286a9758b3d936bd1e04ce5ba88/xlsxwriter-3.2.9.tar.gz", hash = "sha256:254b1c37a368c444eac6e2f867405cc9e461b0ed97a3233b2ac1e574efb4140c", size = 215940, upload-time = "2025-09-16T00:16:21.63Z" }
wheels = [
    { url = "https://files.pythonhosted.org/packages/3a/0c/3662f4a66880196a590b202f0db82d919dd2f89e99a27fadef91c4a33d41/xlsxwriter-3.2.9-py3-none-any.whl", hash = "sha256:9a5db42bc5dff014806c58a20b9eae7322a134abb6fce3c92c181bfb275ec5b3", size = 175315, upload-time = "2025-09-16T00:16:20.108Z" },
]
